{
  "version": 4,
  "terraform_version": "0.15.0",
  "serial": 54,
  "lineage": "dd940dce-ed2f-6d7d-ece2-a66ebbd71e92",
  "outputs": {},
  "resources": [
    {
      "mode": "data",
      "type": "google_client_config",
      "name": "provider",
      "provider": "provider[\"registry.terraform.io/hashicorp/google\"]",
      "instances": [
        {
          "schema_version": 0,
          "attributes": {
            "access_token": "ya29.a0AfH6SMBCJgEbkurmwOTWtxPgJkxtoZMJDOEyNwEjxUXpCX_w6CPzIwtbJMhBBXepv93wuhkVAqzmvp0PVahYqhTIUnBbl6Ggsi05Ka80UELj6-bzIyxSf1QH6iuieTjyVW-yjYu6wn4aI_LF6Zj-jiKbkRec_w",
            "id": "projects/terraform-gke-311314/regions/us-central1/zones/",
            "project": "terraform-gke-311314",
            "region": "us-central1",
            "zone": ""
          },
          "sensitive_attributes": []
        }
      ]
    },
    {
      "mode": "data",
      "type": "google_container_cluster",
      "name": "my_cluster",
      "provider": "provider[\"registry.terraform.io/hashicorp/google\"]",
      "instances": [
        {
          "schema_version": 0,
          "attributes": {
            "addons_config": [
              {
                "cloudrun_config": [],
                "horizontal_pod_autoscaling": [],
                "http_load_balancing": [],
                "network_policy_config": [
                  {
                    "disabled": true
                  }
                ]
              }
            ],
            "authenticator_groups_config": [],
            "cluster_autoscaling": [
              {
                "auto_provisioning_defaults": [],
                "enabled": false,
                "resource_limits": []
              }
            ],
            "cluster_ipv4_cidr": "10.196.0.0/14",
            "database_encryption": [
              {
                "key_name": "",
                "state": "DECRYPTED"
              }
            ],
            "datapath_provider": "",
            "default_max_pods_per_node": null,
            "default_snat_status": [
              {
                "disabled": false
              }
            ],
            "description": "",
            "enable_autopilot": false,
            "enable_binary_authorization": false,
            "enable_intranode_visibility": false,
            "enable_kubernetes_alpha": false,
            "enable_legacy_abac": false,
            "enable_shielded_nodes": true,
            "enable_tpu": false,
            "endpoint": "35.232.159.106",
            "id": "projects/terraform-gke-311314/locations/us-central1/clusters/terraform-gke-311314-cluster",
            "initial_node_count": 1,
            "instance_group_urls": [
              "https://www.googleapis.com/compute/v1/projects/terraform-gke-311314/zones/us-central1-f/instanceGroups/gke-terraform-gke-31-terraform-gke-31-758d4e7b-grp",
              "https://www.googleapis.com/compute/v1/projects/terraform-gke-311314/zones/us-central1-a/instanceGroups/gke-terraform-gke-31-terraform-gke-31-5d0b7183-grp",
              "https://www.googleapis.com/compute/v1/projects/terraform-gke-311314/zones/us-central1-b/instanceGroups/gke-terraform-gke-31-terraform-gke-31-0f17e5c2-grp"
            ],
            "ip_allocation_policy": [],
            "label_fingerprint": "a9dc16a7",
            "location": "us-central1",
            "logging_service": "logging.googleapis.com/kubernetes",
            "maintenance_policy": [],
            "master_auth": [
              {
                "client_certificate": "",
                "client_certificate_config": [
                  {
                    "issue_client_certificate": false
                  }
                ],
                "client_key": "",
                "cluster_ca_certificate": "LS0tLS1CRUdJTiBDRVJUSUZJQ0FURS0tLS0tCk1JSURLekNDQWhPZ0F3SUJBZ0lSQUtRVW9HWDBxcVB3dzFjZ3UvVEtwdU13RFFZSktvWklodmNOQVFFTEJRQXcKTHpFdE1Dc0dBMVVFQXhNa1kyRTRZak13TmpZdE1tVm1aQzAwTVdGbExXRTFaREF0WlRabFlUVTFNVGswWmpVMApNQjRYRFRJeE1EUXlNREUxTXpJeE1sb1hEVEkyTURReE9URTJNekl4TWxvd0x6RXRNQ3NHQTFVRUF4TWtZMkU0CllqTXdOall0TW1WbVpDMDBNV0ZsTFdFMVpEQXRaVFpsWVRVMU1UazBaalUwTUlJQklqQU5CZ2txaGtpRzl3MEIKQVFFRkFBT0NBUThBTUlJQkNnS0NBUUVBNVhRczhkN3pLS2JBMXoyN3dDa2hIeUNFQVdQeEtIMVVkWUV6WW9qVgplUC9UK1RIY3Q4Sk5kUVp4ZjJ3eU5Sem9NMGhURnZLM3FYTGtqRmZnVzk0K0poRFArZVhnUW1pcGduUC9vMEw3ClVPYTVscjdKNXl6dFlpa2N0KzYweHFJZm84VVpZY0hrbFZad3lKOEFZNEdCQkR2eTdyN0FZaUR2dlEvVEcxZDMKanUrQStNQkdKeHd2SURsalNKenRCQVlvR2hJVFpMOEdtbE5JUlFYVXpMdnhKMnM2aUFJMXROT1lWS3BZem8xTwo2NmwwNGRIYlg2NDE4QUUvdXZEV1pJaE01QU5uRXZNSEZrL2VYeHc1OE5hT3BNVUtTUVpQSk1UTmQ4TnlVbDRjCkszdlBsS3NwdGRzRThXb25zMDJCTWdSZHFYZ29JRVA5dnpTY3VlSDV6Zi9IY1FJREFRQUJvMEl3UURBT0JnTlYKSFE4QkFmOEVCQU1DQWdRd0R3WURWUjBUQVFIL0JBVXdBd0VCL3pBZEJnTlZIUTRFRmdRVUNHaWVNQThiNFpoYQpyRXNpWit6cXNOSEd3Rk13RFFZSktvWklodmNOQVFFTEJRQURnZ0VCQUd1ZUdUNUR1L0RMWExUZlEyQWZ4QnY5ClFtWi9IQkN0UUgxQXBrS0RsTXkwdDM4dlF5cFJEOEtSajRBQ0xDZWQ2eWpLZzNYMnMyaE1TM2NoUTVqTEx5c2oKeEM0NlJjUGRFb2pDaTRLRVhLZnV2MVJQcWdUajQ4VkZpN2R2SmNVMUNzem1FdU9ETzRhUHNLVmp4bXJJMHJzbApIVWFIVWtVTDFPRWFtdHNHQXN4VUozVFF3Tk5QeUVNTFBhVjdyMmR3c3FSSjM2YVljTjJTdW1qdDlCV2tjc0s3CjBBMUxNSU1NRzRDeC90QUpjMEx5ZUZIZnlSYkJrZmZ4QjBFbUR2S21KMkttTnZXdlk0bHBFQU5wMEpSdXRxRFMKN3dXQVBoVXZieEdxUjJYUDdwdzFnMVV6R0ZycExLRGdqTHBsMlFKazQyLzhFcEZ6dngyTHkzdTRqS3AzeUpzPQotLS0tLUVORCBDRVJUSUZJQ0FURS0tLS0tCg==",
                "password": "",
                "username": ""
              }
            ],
            "master_authorized_networks_config": [],
            "master_version": "1.18.16-gke.502",
            "min_master_version": null,
            "monitoring_service": "monitoring.googleapis.com/kubernetes",
            "name": "terraform-gke-311314-cluster",
            "network": "projects/terraform-gke-311314/global/networks/terraform-gke-311314-vpc",
            "network_policy": [
              {
                "enabled": false,
                "provider": "PROVIDER_UNSPECIFIED"
              }
            ],
            "networking_mode": "ROUTES",
            "node_config": [
              {
                "disk_size_gb": 100,
                "disk_type": "pd-standard",
                "guest_accelerator": [],
                "image_type": "COS",
                "labels": {
                  "env": "terraform-gke-311314"
                },
                "local_ssd_count": 0,
                "machine_type": "n1-standard-1",
                "metadata": {
                  "disable-legacy-endpoints": "true"
                },
                "min_cpu_platform": "",
                "oauth_scopes": [
                  "https://www.googleapis.com/auth/logging.write",
                  "https://www.googleapis.com/auth/monitoring"
                ],
                "preemptible": false,
                "service_account": "default",
                "shielded_instance_config": [
                  {
                    "enable_integrity_monitoring": true,
                    "enable_secure_boot": false
                  }
                ],
                "tags": [
                  "gke-node",
                  "terraform-gke-311314-gke"
                ],
                "taint": [],
                "workload_metadata_config": []
              }
            ],
            "node_locations": [
              "us-central1-a",
              "us-central1-b",
              "us-central1-f"
            ],
            "node_pool": [
              {
                "autoscaling": [],
                "initial_node_count": 2,
                "instance_group_urls": [
                  "https://www.googleapis.com/compute/v1/projects/terraform-gke-311314/zones/us-central1-f/instanceGroupManagers/gke-terraform-gke-31-terraform-gke-31-758d4e7b-grp",
                  "https://www.googleapis.com/compute/v1/projects/terraform-gke-311314/zones/us-central1-a/instanceGroupManagers/gke-terraform-gke-31-terraform-gke-31-5d0b7183-grp",
                  "https://www.googleapis.com/compute/v1/projects/terraform-gke-311314/zones/us-central1-b/instanceGroupManagers/gke-terraform-gke-31-terraform-gke-31-0f17e5c2-grp"
                ],
                "management": [
                  {
                    "auto_repair": true,
                    "auto_upgrade": true
                  }
                ],
                "max_pods_per_node": 0,
                "name": "terraform-gke-311314-cluster-node-pool",
                "name_prefix": "",
                "node_config": [
                  {
                    "disk_size_gb": 100,
                    "disk_type": "pd-standard",
                    "guest_accelerator": [],
                    "image_type": "COS",
                    "labels": {
                      "env": "terraform-gke-311314"
                    },
                    "local_ssd_count": 0,
                    "machine_type": "n1-standard-1",
                    "metadata": {
                      "disable-legacy-endpoints": "true"
                    },
                    "min_cpu_platform": "",
                    "oauth_scopes": [
                      "https://www.googleapis.com/auth/logging.write",
                      "https://www.googleapis.com/auth/monitoring"
                    ],
                    "preemptible": false,
                    "service_account": "default",
                    "shielded_instance_config": [
                      {
                        "enable_integrity_monitoring": true,
                        "enable_secure_boot": false
                      }
                    ],
                    "tags": [
                      "gke-node",
                      "terraform-gke-311314-gke"
                    ],
                    "taint": [],
                    "workload_metadata_config": []
                  }
                ],
                "node_count": 2,
                "node_locations": [
                  "us-central1-a",
                  "us-central1-b",
                  "us-central1-f"
                ],
                "upgrade_settings": [
                  {
                    "max_surge": 1,
                    "max_unavailable": 0
                  }
                ],
                "version": "1.18.16-gke.502"
              }
            ],
            "node_version": "1.18.16-gke.502",
            "operation": null,
            "pod_security_policy_config": null,
            "private_cluster_config": [],
            "private_ipv6_google_access": "",
            "project": "terraform-gke-311314",
            "release_channel": [
              {
                "channel": "REGULAR"
              }
            ],
            "remove_default_node_pool": null,
            "resource_labels": {},
            "resource_usage_export_config": [],
            "self_link": "https://container.googleapis.com/v1beta1/projects/terraform-gke-311314/locations/us-central1/clusters/terraform-gke-311314-cluster",
            "services_ipv4_cidr": "10.199.240.0/20",
            "subnetwork": "projects/terraform-gke-311314/regions/us-central1/subnetworks/terraform-gke-311314-subnet",
            "tpu_ipv4_cidr_block": "",
            "vertical_pod_autoscaling": [],
            "workload_identity_config": []
          },
          "sensitive_attributes": []
        }
      ]
    },
    {
      "mode": "managed",
      "type": "google_compute_network",
      "name": "vpc",
      "provider": "provider[\"registry.terraform.io/hashicorp/google\"]",
      "instances": [
        {
          "schema_version": 0,
          "attributes": {
            "auto_create_subnetworks": false,
            "delete_default_routes_on_create": false,
            "description": "",
            "gateway_ipv4": "",
            "id": "projects/terraform-gke-311314/global/networks/terraform-gke-311314-vpc",
            "mtu": 0,
            "name": "terraform-gke-311314-vpc",
            "project": "terraform-gke-311314",
            "routing_mode": "REGIONAL",
            "self_link": "https://www.googleapis.com/compute/v1/projects/terraform-gke-311314/global/networks/terraform-gke-311314-vpc",
            "timeouts": null
          },
          "sensitive_attributes": [],
          "private": "eyJlMmJmYjczMC1lY2FhLTExZTYtOGY4OC0zNDM2M2JjN2M0YzAiOnsiY3JlYXRlIjoyNDAwMDAwMDAwMDAsImRlbGV0ZSI6MjQwMDAwMDAwMDAwLCJ1cGRhdGUiOjI0MDAwMDAwMDAwMH19"
        }
      ]
    },
    {
      "mode": "managed",
      "type": "google_compute_subnetwork",
      "name": "subnet",
      "provider": "provider[\"registry.terraform.io/hashicorp/google\"]",
      "instances": [
        {
          "schema_version": 0,
          "attributes": {
            "creation_timestamp": "2021-04-20T09:32:00.097-07:00",
            "description": "",
            "fingerprint": null,
            "gateway_address": "10.10.0.1",
            "id": "projects/terraform-gke-311314/regions/us-central1/subnetworks/terraform-gke-311314-subnet",
            "ip_cidr_range": "10.10.0.0/24",
            "log_config": [],
            "name": "terraform-gke-311314-subnet",
            "network": "https://www.googleapis.com/compute/v1/projects/terraform-gke-311314/global/networks/terraform-gke-311314-vpc",
            "private_ip_google_access": false,
            "private_ipv6_google_access": "DISABLE_GOOGLE_ACCESS",
            "project": "terraform-gke-311314",
            "region": "us-central1",
            "secondary_ip_range": [],
            "self_link": "https://www.googleapis.com/compute/v1/projects/terraform-gke-311314/regions/us-central1/subnetworks/terraform-gke-311314-subnet",
            "timeouts": null
          },
          "sensitive_attributes": [],
          "private": "eyJlMmJmYjczMC1lY2FhLTExZTYtOGY4OC0zNDM2M2JjN2M0YzAiOnsiY3JlYXRlIjozNjAwMDAwMDAwMDAsImRlbGV0ZSI6MzYwMDAwMDAwMDAwLCJ1cGRhdGUiOjM2MDAwMDAwMDAwMH19",
          "dependencies": [
            "google_compute_network.vpc"
          ]
        }
      ]
    },
    {
      "mode": "managed",
      "type": "google_container_cluster",
      "name": "cluster",
      "provider": "provider[\"registry.terraform.io/hashicorp/google\"]",
      "instances": [
        {
          "schema_version": 1,
          "attributes": {
            "addons_config": [
              {
                "cloudrun_config": [],
                "horizontal_pod_autoscaling": [],
                "http_load_balancing": [],
                "network_policy_config": [
                  {
                    "disabled": true
                  }
                ]
              }
            ],
            "authenticator_groups_config": [],
            "cluster_autoscaling": [
              {
                "auto_provisioning_defaults": [],
                "enabled": false,
                "resource_limits": []
              }
            ],
            "cluster_ipv4_cidr": "10.196.0.0/14",
            "database_encryption": [
              {
                "key_name": "",
                "state": "DECRYPTED"
              }
            ],
            "datapath_provider": "",
            "default_max_pods_per_node": null,
            "default_snat_status": [
              {
                "disabled": false
              }
            ],
            "description": "",
            "enable_autopilot": false,
            "enable_binary_authorization": false,
            "enable_intranode_visibility": false,
            "enable_kubernetes_alpha": false,
            "enable_legacy_abac": false,
            "enable_shielded_nodes": true,
            "enable_tpu": false,
            "endpoint": "35.232.159.106",
            "id": "projects/terraform-gke-311314/locations/us-central1/clusters/terraform-gke-311314-cluster",
            "initial_node_count": 1,
            "instance_group_urls": [
              "https://www.googleapis.com/compute/v1/projects/terraform-gke-311314/zones/us-central1-f/instanceGroups/gke-terraform-gke-31-terraform-gke-31-758d4e7b-grp",
              "https://www.googleapis.com/compute/v1/projects/terraform-gke-311314/zones/us-central1-a/instanceGroups/gke-terraform-gke-31-terraform-gke-31-5d0b7183-grp",
              "https://www.googleapis.com/compute/v1/projects/terraform-gke-311314/zones/us-central1-b/instanceGroups/gke-terraform-gke-31-terraform-gke-31-0f17e5c2-grp"
            ],
            "ip_allocation_policy": [],
            "label_fingerprint": "a9dc16a7",
            "location": "us-central1",
            "logging_service": "logging.googleapis.com/kubernetes",
            "maintenance_policy": [],
            "master_auth": [
              {
                "client_certificate": "",
                "client_certificate_config": [
                  {
                    "issue_client_certificate": false
                  }
                ],
                "client_key": "",
                "cluster_ca_certificate": "LS0tLS1CRUdJTiBDRVJUSUZJQ0FURS0tLS0tCk1JSURLekNDQWhPZ0F3SUJBZ0lSQUtRVW9HWDBxcVB3dzFjZ3UvVEtwdU13RFFZSktvWklodmNOQVFFTEJRQXcKTHpFdE1Dc0dBMVVFQXhNa1kyRTRZak13TmpZdE1tVm1aQzAwTVdGbExXRTFaREF0WlRabFlUVTFNVGswWmpVMApNQjRYRFRJeE1EUXlNREUxTXpJeE1sb1hEVEkyTURReE9URTJNekl4TWxvd0x6RXRNQ3NHQTFVRUF4TWtZMkU0CllqTXdOall0TW1WbVpDMDBNV0ZsTFdFMVpEQXRaVFpsWVRVMU1UazBaalUwTUlJQklqQU5CZ2txaGtpRzl3MEIKQVFFRkFBT0NBUThBTUlJQkNnS0NBUUVBNVhRczhkN3pLS2JBMXoyN3dDa2hIeUNFQVdQeEtIMVVkWUV6WW9qVgplUC9UK1RIY3Q4Sk5kUVp4ZjJ3eU5Sem9NMGhURnZLM3FYTGtqRmZnVzk0K0poRFArZVhnUW1pcGduUC9vMEw3ClVPYTVscjdKNXl6dFlpa2N0KzYweHFJZm84VVpZY0hrbFZad3lKOEFZNEdCQkR2eTdyN0FZaUR2dlEvVEcxZDMKanUrQStNQkdKeHd2SURsalNKenRCQVlvR2hJVFpMOEdtbE5JUlFYVXpMdnhKMnM2aUFJMXROT1lWS3BZem8xTwo2NmwwNGRIYlg2NDE4QUUvdXZEV1pJaE01QU5uRXZNSEZrL2VYeHc1OE5hT3BNVUtTUVpQSk1UTmQ4TnlVbDRjCkszdlBsS3NwdGRzRThXb25zMDJCTWdSZHFYZ29JRVA5dnpTY3VlSDV6Zi9IY1FJREFRQUJvMEl3UURBT0JnTlYKSFE4QkFmOEVCQU1DQWdRd0R3WURWUjBUQVFIL0JBVXdBd0VCL3pBZEJnTlZIUTRFRmdRVUNHaWVNQThiNFpoYQpyRXNpWit6cXNOSEd3Rk13RFFZSktvWklodmNOQVFFTEJRQURnZ0VCQUd1ZUdUNUR1L0RMWExUZlEyQWZ4QnY5ClFtWi9IQkN0UUgxQXBrS0RsTXkwdDM4dlF5cFJEOEtSajRBQ0xDZWQ2eWpLZzNYMnMyaE1TM2NoUTVqTEx5c2oKeEM0NlJjUGRFb2pDaTRLRVhLZnV2MVJQcWdUajQ4VkZpN2R2SmNVMUNzem1FdU9ETzRhUHNLVmp4bXJJMHJzbApIVWFIVWtVTDFPRWFtdHNHQXN4VUozVFF3Tk5QeUVNTFBhVjdyMmR3c3FSSjM2YVljTjJTdW1qdDlCV2tjc0s3CjBBMUxNSU1NRzRDeC90QUpjMEx5ZUZIZnlSYkJrZmZ4QjBFbUR2S21KMkttTnZXdlk0bHBFQU5wMEpSdXRxRFMKN3dXQVBoVXZieEdxUjJYUDdwdzFnMVV6R0ZycExLRGdqTHBsMlFKazQyLzhFcEZ6dngyTHkzdTRqS3AzeUpzPQotLS0tLUVORCBDRVJUSUZJQ0FURS0tLS0tCg==",
                "password": "",
                "username": ""
              }
            ],
            "master_authorized_networks_config": [],
            "master_version": "1.18.16-gke.502",
            "min_master_version": null,
            "monitoring_service": "monitoring.googleapis.com/kubernetes",
            "name": "terraform-gke-311314-cluster",
            "network": "projects/terraform-gke-311314/global/networks/terraform-gke-311314-vpc",
            "network_policy": [
              {
                "enabled": false,
                "provider": "PROVIDER_UNSPECIFIED"
              }
            ],
            "networking_mode": "ROUTES",
            "node_config": [
              {
                "disk_size_gb": 100,
                "disk_type": "pd-standard",
                "guest_accelerator": [],
                "image_type": "COS",
                "labels": {
                  "env": "terraform-gke-311314"
                },
                "local_ssd_count": 0,
                "machine_type": "n1-standard-1",
                "metadata": {
                  "disable-legacy-endpoints": "true"
                },
                "min_cpu_platform": "",
                "oauth_scopes": [
                  "https://www.googleapis.com/auth/logging.write",
                  "https://www.googleapis.com/auth/monitoring"
                ],
                "preemptible": false,
                "service_account": "default",
                "shielded_instance_config": [
                  {
                    "enable_integrity_monitoring": true,
                    "enable_secure_boot": false
                  }
                ],
                "tags": [
                  "gke-node",
                  "terraform-gke-311314-gke"
                ],
                "taint": [],
                "workload_metadata_config": []
              }
            ],
            "node_locations": [
              "us-central1-a",
              "us-central1-b",
              "us-central1-f"
            ],
            "node_pool": [
              {
                "autoscaling": [],
                "initial_node_count": 2,
                "instance_group_urls": [
                  "https://www.googleapis.com/compute/v1/projects/terraform-gke-311314/zones/us-central1-f/instanceGroupManagers/gke-terraform-gke-31-terraform-gke-31-758d4e7b-grp",
                  "https://www.googleapis.com/compute/v1/projects/terraform-gke-311314/zones/us-central1-a/instanceGroupManagers/gke-terraform-gke-31-terraform-gke-31-5d0b7183-grp",
                  "https://www.googleapis.com/compute/v1/projects/terraform-gke-311314/zones/us-central1-b/instanceGroupManagers/gke-terraform-gke-31-terraform-gke-31-0f17e5c2-grp"
                ],
                "management": [
                  {
                    "auto_repair": true,
                    "auto_upgrade": true
                  }
                ],
                "max_pods_per_node": 0,
                "name": "terraform-gke-311314-cluster-node-pool",
                "name_prefix": "",
                "node_config": [
                  {
                    "disk_size_gb": 100,
                    "disk_type": "pd-standard",
                    "guest_accelerator": [],
                    "image_type": "COS",
                    "labels": {
                      "env": "terraform-gke-311314"
                    },
                    "local_ssd_count": 0,
                    "machine_type": "n1-standard-1",
                    "metadata": {
                      "disable-legacy-endpoints": "true"
                    },
                    "min_cpu_platform": "",
                    "oauth_scopes": [
                      "https://www.googleapis.com/auth/logging.write",
                      "https://www.googleapis.com/auth/monitoring"
                    ],
                    "preemptible": false,
                    "service_account": "default",
                    "shielded_instance_config": [
                      {
                        "enable_integrity_monitoring": true,
                        "enable_secure_boot": false
                      }
                    ],
                    "tags": [
                      "gke-node",
                      "terraform-gke-311314-gke"
                    ],
                    "taint": [],
                    "workload_metadata_config": []
                  }
                ],
                "node_count": 2,
                "node_locations": [
                  "us-central1-a",
                  "us-central1-b",
                  "us-central1-f"
                ],
                "upgrade_settings": [
                  {
                    "max_surge": 1,
                    "max_unavailable": 0
                  }
                ],
                "version": "1.18.16-gke.502"
              }
            ],
            "node_version": "1.18.16-gke.502",
            "operation": null,
            "pod_security_policy_config": [],
            "private_cluster_config": [],
            "private_ipv6_google_access": "",
            "project": "terraform-gke-311314",
            "release_channel": [
              {
                "channel": "REGULAR"
              }
            ],
            "remove_default_node_pool": true,
            "resource_labels": {},
            "resource_usage_export_config": [],
            "self_link": "https://container.googleapis.com/v1beta1/projects/terraform-gke-311314/locations/us-central1/clusters/terraform-gke-311314-cluster",
            "services_ipv4_cidr": "10.199.240.0/20",
            "subnetwork": "projects/terraform-gke-311314/regions/us-central1/subnetworks/terraform-gke-311314-subnet",
            "timeouts": null,
            "tpu_ipv4_cidr_block": "",
            "vertical_pod_autoscaling": [],
            "workload_identity_config": []
          },
          "sensitive_attributes": [],
          "private": "eyJlMmJmYjczMC1lY2FhLTExZTYtOGY4OC0zNDM2M2JjN2M0YzAiOnsiY3JlYXRlIjoyNDAwMDAwMDAwMDAwLCJkZWxldGUiOjI0MDAwMDAwMDAwMDAsInJlYWQiOjI0MDAwMDAwMDAwMDAsInVwZGF0ZSI6MzYwMDAwMDAwMDAwMH0sInNjaGVtYV92ZXJzaW9uIjoiMSJ9",
          "dependencies": [
            "google_compute_network.vpc",
            "google_compute_subnetwork.subnet"
          ]
        }
      ]
    },
    {
      "mode": "managed",
      "type": "google_container_node_pool",
      "name": "cluster_nodes",
      "provider": "provider[\"registry.terraform.io/hashicorp/google\"]",
      "instances": [
        {
          "schema_version": 1,
          "attributes": {
            "autoscaling": [],
            "cluster": "terraform-gke-311314-cluster",
            "id": "projects/terraform-gke-311314/locations/us-central1/clusters/terraform-gke-311314-cluster/nodePools/terraform-gke-311314-cluster-node-pool",
            "initial_node_count": 2,
            "instance_group_urls": [
              "https://www.googleapis.com/compute/v1/projects/terraform-gke-311314/zones/us-central1-f/instanceGroupManagers/gke-terraform-gke-31-terraform-gke-31-758d4e7b-grp",
              "https://www.googleapis.com/compute/v1/projects/terraform-gke-311314/zones/us-central1-a/instanceGroupManagers/gke-terraform-gke-31-terraform-gke-31-5d0b7183-grp",
              "https://www.googleapis.com/compute/v1/projects/terraform-gke-311314/zones/us-central1-b/instanceGroupManagers/gke-terraform-gke-31-terraform-gke-31-0f17e5c2-grp"
            ],
            "location": "us-central1",
            "management": [
              {
                "auto_repair": true,
                "auto_upgrade": true
              }
            ],
            "max_pods_per_node": null,
            "name": "terraform-gke-311314-cluster-node-pool",
            "name_prefix": "",
            "node_config": [
              {
                "disk_size_gb": 100,
                "disk_type": "pd-standard",
                "guest_accelerator": [],
                "image_type": "COS",
                "labels": {
                  "env": "terraform-gke-311314"
                },
                "local_ssd_count": 0,
                "machine_type": "n1-standard-1",
                "metadata": {
                  "disable-legacy-endpoints": "true"
                },
                "min_cpu_platform": "",
                "oauth_scopes": [
                  "https://www.googleapis.com/auth/logging.write",
                  "https://www.googleapis.com/auth/monitoring"
                ],
                "preemptible": false,
                "service_account": "default",
                "shielded_instance_config": [
                  {
                    "enable_integrity_monitoring": true,
                    "enable_secure_boot": false
                  }
                ],
                "tags": [
                  "gke-node",
                  "terraform-gke-311314-gke"
                ],
                "taint": [],
                "workload_metadata_config": []
              }
            ],
            "node_count": 2,
            "node_locations": [
              "us-central1-a",
              "us-central1-b",
              "us-central1-f"
            ],
            "operation": null,
            "project": "terraform-gke-311314",
            "timeouts": null,
            "upgrade_settings": [
              {
                "max_surge": 1,
                "max_unavailable": 0
              }
            ],
            "version": "1.18.16-gke.502"
          },
          "sensitive_attributes": [],
          "private": "eyJlMmJmYjczMC1lY2FhLTExZTYtOGY4OC0zNDM2M2JjN2M0YzAiOnsiY3JlYXRlIjoxODAwMDAwMDAwMDAwLCJkZWxldGUiOjE4MDAwMDAwMDAwMDAsInVwZGF0ZSI6MTgwMDAwMDAwMDAwMH0sInNjaGVtYV92ZXJzaW9uIjoiMSJ9",
          "dependencies": [
            "google_container_cluster.cluster",
            "google_compute_network.vpc",
            "google_compute_subnetwork.subnet"
          ]
        }
      ]
    },
    {
      "mode": "managed",
      "type": "helm_release",
      "name": "demo-app",
      "provider": "provider[\"registry.terraform.io/hashicorp/helm\"]",
      "instances": [
        {
          "schema_version": 0,
          "attributes": {
            "atomic": false,
            "chart": "./demo-app-chart",
            "cleanup_on_fail": false,
            "create_namespace": false,
            "dependency_update": false,
            "description": null,
            "devel": null,
            "disable_crd_hooks": false,
            "disable_openapi_validation": false,
            "disable_webhooks": false,
            "force_update": false,
            "id": "demo-app",
            "keyring": null,
            "lint": false,
            "max_history": 0,
            "metadata": [
              {
                "app_version": "1.16.0",
                "chart": "demo-app-chart",
                "name": "demo-app",
                "namespace": "default",
                "revision": 8,
                "values": "{\"trigger\":\"4205459570074188669\"}",
                "version": "0.1.0"
              }
            ],
            "name": "demo-app",
            "namespace": "default",
            "postrender": [],
            "recreate_pods": false,
            "render_subchart_notes": true,
            "replace": false,
            "repository": null,
            "repository_ca_file": null,
            "repository_cert_file": null,
            "repository_key_file": null,
            "repository_password": null,
            "repository_username": null,
            "reset_values": false,
            "reuse_values": false,
            "set": [
              {
                "name": "trigger",
                "type": "string",
                "value": "4205459570074188669"
              }
            ],
            "set_sensitive": [],
            "skip_crds": false,
            "status": "deployed",
            "timeout": 300,
            "values": [],
            "verify": false,
            "version": "0.1.0",
            "wait": true
          },
          "sensitive_attributes": [],
          "private": "bnVsbA==",
          "dependencies": [
            "data.google_client_config.provider",
            "data.google_container_cluster.my_cluster",
            "null_resource.chart-update"
          ]
        }
      ]
    },
    {
      "mode": "managed",
      "type": "helm_release",
      "name": "kubeview",
      "provider": "provider[\"registry.terraform.io/hashicorp/helm\"]",
      "instances": [
        {
          "schema_version": 0,
          "attributes": {
            "atomic": false,
            "chart": "kubeview",
            "cleanup_on_fail": false,
            "create_namespace": false,
            "dependency_update": false,
            "description": null,
            "devel": null,
            "disable_crd_hooks": false,
            "disable_openapi_validation": false,
            "disable_webhooks": false,
            "force_update": false,
            "id": "kubeview",
            "keyring": null,
            "lint": false,
            "max_history": 0,
            "metadata": [
              {
                "app_version": "0.1.20",
                "chart": "kubeview",
                "name": "kubeview",
                "namespace": "default",
                "revision": 1,
                "values": "{\"ingress\":{\"enabled\":false},\"limitNamespace\":false}",
                "version": "0.1.20"
              }
            ],
            "name": "kubeview",
            "namespace": "default",
            "postrender": [],
            "recreate_pods": false,
            "render_subchart_notes": true,
            "replace": false,
            "repository": "https://benc-uk.github.io/kubeview/charts",
            "repository_ca_file": null,
            "repository_cert_file": null,
            "repository_key_file": null,
            "repository_password": null,
            "repository_username": null,
            "reset_values": false,
            "reuse_values": false,
            "set": [],
            "set_sensitive": [],
            "skip_crds": false,
            "status": "deployed",
            "timeout": 300,
            "values": [
              "limitNamespace: false\r\n\r\ningress:\r\n  enabled: false"
            ],
            "verify": false,
            "version": "0.1.20",
            "wait": true
          },
          "sensitive_attributes": [],
          "private": "bnVsbA==",
          "dependencies": [
            "data.google_container_cluster.my_cluster",
            "google_compute_network.vpc",
            "google_compute_subnetwork.subnet",
            "google_container_cluster.cluster",
            "data.google_client_config.provider"
          ]
        }
      ]
    },
    {
      "mode": "managed",
      "type": "null_resource",
      "name": "chart-update",
      "provider": "provider[\"registry.terraform.io/hashicorp/null\"]",
      "instances": [
        {
          "schema_version": 0,
          "attributes": {
            "id": "4205459570074188669",
            "triggers": {
              "chart": "d9f8cb208062d4dbf87cc9aa4c56a52e380b97ae"
            }
          },
          "sensitive_attributes": [],
          "private": "bnVsbA=="
        }
      ]
    }
  ]
}
